// !$*UTF8*$!
{
	archiveVersion = 1;
	classes = {
	};
	objectVersion = 56;
	objects = {

/* Begin PBXBuildFile section */
		C62F4F882919955000E43D14 /* CodeEditor in Frameworks */ = {isa = PBXBuildFile; productRef = C62F4F872919955000E43D14 /* CodeEditor */; };
		C6F1EC7629144D4200D2A235 /* murja_user.swift in Sources */ = {isa = PBXBuildFile; fileRef = C6F1EC7329144D4200D2A235 /* murja_user.swift */; };
		C6F1EC7729144D4200D2A235 /* Murja_Title.swift in Sources */ = {isa = PBXBuildFile; fileRef = C6F1EC7429144D4200D2A235 /* Murja_Title.swift */; };
		C6F1EC7829144D4200D2A235 /* murja_post.swift in Sources */ = {isa = PBXBuildFile; fileRef = C6F1EC7529144D4200D2A235 /* murja_post.swift */; };
		C6F1EC7A2914F78400D2A235 /* post_view.swift in Sources */ = {isa = PBXBuildFile; fileRef = C6F1EC792914F78400D2A235 /* post_view.swift */; };
		C6F1EC7E29166ECA00D2A235 /* posts.json in Resources */ = {isa = PBXBuildFile; fileRef = C6F1EC7C29166ECA00D2A235 /* posts.json */; };
		C6F1EC7F29166ECA00D2A235 /* titles.json in Resources */ = {isa = PBXBuildFile; fileRef = C6F1EC7D29166ECA00D2A235 /* titles.json */; };
		EA17E345290EA05B00E95A39 /* New_Murja_ClientApp.swift in Sources */ = {isa = PBXBuildFile; fileRef = EA17E344290EA05B00E95A39 /* New_Murja_ClientApp.swift */; };
		EA17E347290EA05B00E95A39 /* ContentView.swift in Sources */ = {isa = PBXBuildFile; fileRef = EA17E346290EA05B00E95A39 /* ContentView.swift */; };
		EA17E349290EA05C00E95A39 /* Assets.xcassets in Resources */ = {isa = PBXBuildFile; fileRef = EA17E348290EA05C00E95A39 /* Assets.xcassets */; };
		EA17E34C290EA05C00E95A39 /* Preview Assets.xcassets in Resources */ = {isa = PBXBuildFile; fileRef = EA17E34B290EA05C00E95A39 /* Preview Assets.xcassets */; };
		EA17E356290EA05C00E95A39 /* New_Murja_ClientTests.swift in Sources */ = {isa = PBXBuildFile; fileRef = EA17E355290EA05C00E95A39 /* New_Murja_ClientTests.swift */; };
		EA17E360290EA05C00E95A39 /* New_Murja_ClientUITests.swift in Sources */ = {isa = PBXBuildFile; fileRef = EA17E35F290EA05C00E95A39 /* New_Murja_ClientUITests.swift */; };
		EA17E362290EA05C00E95A39 /* New_Murja_ClientUITestsLaunchTests.swift in Sources */ = {isa = PBXBuildFile; fileRef = EA17E361290EA05C00E95A39 /* New_Murja_ClientUITestsLaunchTests.swift */; };
/* End PBXBuildFile section */

/* Begin PBXContainerItemProxy section */
		EA17E352290EA05C00E95A39 /* PBXContainerItemProxy */ = {
			isa = PBXContainerItemProxy;
			containerPortal = EA17E339290EA05B00E95A39 /* Project object */;
			proxyType = 1;
			remoteGlobalIDString = EA17E340290EA05B00E95A39;
			remoteInfo = "New Murja Client";
		};
		EA17E35C290EA05C00E95A39 /* PBXContainerItemProxy */ = {
			isa = PBXContainerItemProxy;
			containerPortal = EA17E339290EA05B00E95A39 /* Project object */;
			proxyType = 1;
			remoteGlobalIDString = EA17E340290EA05B00E95A39;
			remoteInfo = "New Murja Client";
		};
/* End PBXContainerItemProxy section */

/* Begin PBXFileReference section */
		C6F1EC7329144D4200D2A235 /* murja_user.swift */ = {isa = PBXFileReference; fileEncoding = 4; lastKnownFileType = sourcecode.swift; path = murja_user.swift; sourceTree = "<group>"; };
		C6F1EC7429144D4200D2A235 /* Murja_Title.swift */ = {isa = PBXFileReference; fileEncoding = 4; lastKnownFileType = sourcecode.swift; path = Murja_Title.swift; sourceTree = "<group>"; };
		C6F1EC7529144D4200D2A235 /* murja_post.swift */ = {isa = PBXFileReference; fileEncoding = 4; lastKnownFileType = sourcecode.swift; path = murja_post.swift; sourceTree = "<group>"; };
		C6F1EC792914F78400D2A235 /* post_view.swift */ = {isa = PBXFileReference; lastKnownFileType = sourcecode.swift; path = post_view.swift; sourceTree = "<group>"; };
		C6F1EC7C29166ECA00D2A235 /* posts.json */ = {isa = PBXFileReference; fileEncoding = 4; lastKnownFileType = text.json; path = posts.json; sourceTree = "<group>"; };
		C6F1EC7D29166ECA00D2A235 /* titles.json */ = {isa = PBXFileReference; fileEncoding = 4; lastKnownFileType = text.json; path = titles.json; sourceTree = "<group>"; };
		EA17E341290EA05B00E95A39 /* New Murja Client.app */ = {isa = PBXFileReference; explicitFileType = wrapper.application; includeInIndex = 0; path = "New Murja Client.app"; sourceTree = BUILT_PRODUCTS_DIR; };
		EA17E344290EA05B00E95A39 /* New_Murja_ClientApp.swift */ = {isa = PBXFileReference; lastKnownFileType = sourcecode.swift; path = New_Murja_ClientApp.swift; sourceTree = "<group>"; };
		EA17E346290EA05B00E95A39 /* ContentView.swift */ = {isa = PBXFileReference; lastKnownFileType = sourcecode.swift; path = ContentView.swift; sourceTree = "<group>"; };
		EA17E348290EA05C00E95A39 /* Assets.xcassets */ = {isa = PBXFileReference; lastKnownFileType = folder.assetcatalog; path = Assets.xcassets; sourceTree = "<group>"; };
		EA17E34B290EA05C00E95A39 /* Preview Assets.xcassets */ = {isa = PBXFileReference; lastKnownFileType = folder.assetcatalog; path = "Preview Assets.xcassets"; sourceTree = "<group>"; };
		EA17E351290EA05C00E95A39 /* New Murja ClientTests.xctest */ = {isa = PBXFileReference; explicitFileType = wrapper.cfbundle; includeInIndex = 0; path = "New Murja ClientTests.xctest"; sourceTree = BUILT_PRODUCTS_DIR; };
		EA17E355290EA05C00E95A39 /* New_Murja_ClientTests.swift */ = {isa = PBXFileReference; lastKnownFileType = sourcecode.swift; path = New_Murja_ClientTests.swift; sourceTree = "<group>"; };
		EA17E35B290EA05C00E95A39 /* New Murja ClientUITests.xctest */ = {isa = PBXFileReference; explicitFileType = wrapper.cfbundle; includeInIndex = 0; path = "New Murja ClientUITests.xctest"; sourceTree = BUILT_PRODUCTS_DIR; };
		EA17E35F290EA05C00E95A39 /* New_Murja_ClientUITests.swift */ = {isa = PBXFileReference; lastKnownFileType = sourcecode.swift; path = New_Murja_ClientUITests.swift; sourceTree = "<group>"; };
		EA17E361290EA05C00E95A39 /* New_Murja_ClientUITestsLaunchTests.swift */ = {isa = PBXFileReference; lastKnownFileType = sourcecode.swift; path = New_Murja_ClientUITestsLaunchTests.swift; sourceTree = "<group>"; };
/* End PBXFileReference section */

/* Begin PBXFrameworksBuildPhase section */
		EA17E33E290EA05B00E95A39 /* Frameworks */ = {
			isa = PBXFrameworksBuildPhase;
			buildActionMask = 2147483647;
			files = (
				C62F4F882919955000E43D14 /* CodeEditor in Frameworks */,
			);
			runOnlyForDeploymentPostprocessing = 0;
		};
		EA17E34E290EA05C00E95A39 /* Frameworks */ = {
			isa = PBXFrameworksBuildPhase;
			buildActionMask = 2147483647;
			files = (
			);
			runOnlyForDeploymentPostprocessing = 0;
		};
		EA17E358290EA05C00E95A39 /* Frameworks */ = {
			isa = PBXFrameworksBuildPhase;
			buildActionMask = 2147483647;
			files = (
			);
			runOnlyForDeploymentPostprocessing = 0;
		};
/* End PBXFrameworksBuildPhase section */

/* Begin PBXGroup section */
		C6F1EC7B29166DAB00D2A235 /* resources */ = {
			isa = PBXGroup;
			children = (
				C6F1EC7C29166ECA00D2A235 /* posts.json */,
				C6F1EC7D29166ECA00D2A235 /* titles.json */,
			);
			path = resources;
			sourceTree = "<group>";
		};
		EA17E338290EA05B00E95A39 = {
			isa = PBXGroup;
			children = (
				EA17E343290EA05B00E95A39 /* New Murja Client */,
				EA17E354290EA05C00E95A39 /* New Murja ClientTests */,
				EA17E35E290EA05C00E95A39 /* New Murja ClientUITests */,
				EA17E342290EA05B00E95A39 /* Products */,
			);
			sourceTree = "<group>";
		};
		EA17E342290EA05B00E95A39 /* Products */ = {
			isa = PBXGroup;
			children = (
				EA17E341290EA05B00E95A39 /* New Murja Client.app */,
				EA17E351290EA05C00E95A39 /* New Murja ClientTests.xctest */,
				EA17E35B290EA05C00E95A39 /* New Murja ClientUITests.xctest */,
			);
			name = Products;
			sourceTree = "<group>";
		};
		EA17E343290EA05B00E95A39 /* New Murja Client */ = {
			isa = PBXGroup;
			children = (
				EA17E37B290EACFA00E95A39 /* view */,
				EA17E374290EACBC00E95A39 /* model */,
				EA17E344290EA05B00E95A39 /* New_Murja_ClientApp.swift */,
				EA17E348290EA05C00E95A39 /* Assets.xcassets */,
				EA17E34A290EA05C00E95A39 /* Preview Content */,
			);
			path = "New Murja Client";
			sourceTree = "<group>";
		};
		EA17E34A290EA05C00E95A39 /* Preview Content */ = {
			isa = PBXGroup;
			children = (
				EA17E34B290EA05C00E95A39 /* Preview Assets.xcassets */,
			);
			path = "Preview Content";
			sourceTree = "<group>";
		};
		EA17E354290EA05C00E95A39 /* New Murja ClientTests */ = {
			isa = PBXGroup;
			children = (
				C6F1EC7B29166DAB00D2A235 /* resources */,
				EA17E355290EA05C00E95A39 /* New_Murja_ClientTests.swift */,
			);
			path = "New Murja ClientTests";
			sourceTree = "<group>";
		};
		EA17E35E290EA05C00E95A39 /* New Murja ClientUITests */ = {
			isa = PBXGroup;
			children = (
				EA17E35F290EA05C00E95A39 /* New_Murja_ClientUITests.swift */,
				EA17E361290EA05C00E95A39 /* New_Murja_ClientUITestsLaunchTests.swift */,
			);
			path = "New Murja ClientUITests";
			sourceTree = "<group>";
		};
		EA17E374290EACBC00E95A39 /* model */ = {
			isa = PBXGroup;
			children = (
				C6F1EC7529144D4200D2A235 /* murja_post.swift */,
				C6F1EC7429144D4200D2A235 /* Murja_Title.swift */,
				C6F1EC7329144D4200D2A235 /* murja_user.swift */,
			);
			path = model;
			sourceTree = "<group>";
		};
		EA17E37B290EACFA00E95A39 /* view */ = {
			isa = PBXGroup;
			children = (
				EA17E346290EA05B00E95A39 /* ContentView.swift */,
				C6F1EC792914F78400D2A235 /* post_view.swift */,
			);
			name = view;
			sourceTree = "<group>";
		};
/* End PBXGroup section */

/* Begin PBXNativeTarget section */
		EA17E340290EA05B00E95A39 /* New Murja Client */ = {
			isa = PBXNativeTarget;
			buildConfigurationList = EA17E365290EA05C00E95A39 /* Build configuration list for PBXNativeTarget "New Murja Client" */;
			buildPhases = (
				EA17E33D290EA05B00E95A39 /* Sources */,
				EA17E33E290EA05B00E95A39 /* Frameworks */,
				EA17E33F290EA05B00E95A39 /* Resources */,
			);
			buildRules = (
			);
			dependencies = (
			);
			name = "New Murja Client";
			packageProductDependencies = (
				C62F4F872919955000E43D14 /* CodeEditor */,
			);
			productName = "New Murja Client";
			productReference = EA17E341290EA05B00E95A39 /* New Murja Client.app */;
			productType = "com.apple.product-type.application";
		};
		EA17E350290EA05C00E95A39 /* New Murja ClientTests */ = {
			isa = PBXNativeTarget;
			buildConfigurationList = EA17E368290EA05C00E95A39 /* Build configuration list for PBXNativeTarget "New Murja ClientTests" */;
			buildPhases = (
				EA17E34D290EA05C00E95A39 /* Sources */,
				EA17E34E290EA05C00E95A39 /* Frameworks */,
				EA17E34F290EA05C00E95A39 /* Resources */,
			);
			buildRules = (
			);
			dependencies = (
				EA17E353290EA05C00E95A39 /* PBXTargetDependency */,
			);
			name = "New Murja ClientTests";
			productName = "New Murja ClientTests";
			productReference = EA17E351290EA05C00E95A39 /* New Murja ClientTests.xctest */;
			productType = "com.apple.product-type.bundle.unit-test";
		};
		EA17E35A290EA05C00E95A39 /* New Murja ClientUITests */ = {
			isa = PBXNativeTarget;
			buildConfigurationList = EA17E36B290EA05C00E95A39 /* Build configuration list for PBXNativeTarget "New Murja ClientUITests" */;
			buildPhases = (
				EA17E357290EA05C00E95A39 /* Sources */,
				EA17E358290EA05C00E95A39 /* Frameworks */,
				EA17E359290EA05C00E95A39 /* Resources */,
			);
			buildRules = (
			);
			dependencies = (
				EA17E35D290EA05C00E95A39 /* PBXTargetDependency */,
			);
			name = "New Murja ClientUITests";
			productName = "New Murja ClientUITests";
			productReference = EA17E35B290EA05C00E95A39 /* New Murja ClientUITests.xctest */;
			productType = "com.apple.product-type.bundle.ui-testing";
		};
/* End PBXNativeTarget section */

/* Begin PBXProject section */
		EA17E339290EA05B00E95A39 /* Project object */ = {
			isa = PBXProject;
			attributes = {
				BuildIndependentTargetsInParallel = 1;
				LastSwiftUpdateCheck = 1400;
				LastUpgradeCheck = 1400;
				TargetAttributes = {
					EA17E340290EA05B00E95A39 = {
						CreatedOnToolsVersion = 14.0.1;
					};
					EA17E350290EA05C00E95A39 = {
						CreatedOnToolsVersion = 14.0.1;
						TestTargetID = EA17E340290EA05B00E95A39;
					};
					EA17E35A290EA05C00E95A39 = {
						CreatedOnToolsVersion = 14.0.1;
						TestTargetID = EA17E340290EA05B00E95A39;
					};
				};
			};
			buildConfigurationList = EA17E33C290EA05B00E95A39 /* Build configuration list for PBXProject "New Murja Client" */;
			compatibilityVersion = "Xcode 14.0";
			developmentRegion = en;
			hasScannedForEncodings = 0;
			knownRegions = (
				en,
				Base,
			);
			mainGroup = EA17E338290EA05B00E95A39;
			packageReferences = (
				C62F4F862919955000E43D14 /* XCRemoteSwiftPackageReference "CodeEditor" */,
			);
			productRefGroup = EA17E342290EA05B00E95A39 /* Products */;
			projectDirPath = "";
			projectRoot = "";
			targets = (
				EA17E340290EA05B00E95A39 /* New Murja Client */,
				EA17E350290EA05C00E95A39 /* New Murja ClientTests */,
				EA17E35A290EA05C00E95A39 /* New Murja ClientUITests */,
			);
		};
/* End PBXProject section */

/* Begin PBXResourcesBuildPhase section */
		EA17E33F290EA05B00E95A39 /* Resources */ = {
			isa = PBXResourcesBuildPhase;
			buildActionMask = 2147483647;
			files = (
				EA17E34C290EA05C00E95A39 /* Preview Assets.xcassets in Resources */,
				EA17E349290EA05C00E95A39 /* Assets.xcassets in Resources */,
			);
			runOnlyForDeploymentPostprocessing = 0;
		};
		EA17E34F290EA05C00E95A39 /* Resources */ = {
			isa = PBXResourcesBuildPhase;
			buildActionMask = 2147483647;
			files = (
				C6F1EC7F29166ECA00D2A235 /* titles.json in Resources */,
				C6F1EC7E29166ECA00D2A235 /* posts.json in Resources */,
			);
			runOnlyForDeploymentPostprocessing = 0;
		};
		EA17E359290EA05C00E95A39 /* Resources */ = {
			isa = PBXResourcesBuildPhase;
			buildActionMask = 2147483647;
			files = (
			);
			runOnlyForDeploymentPostprocessing = 0;
		};
/* End PBXResourcesBuildPhase section */

/* Begin PBXSourcesBuildPhase section */
		EA17E33D290EA05B00E95A39 /* Sources */ = {
			isa = PBXSourcesBuildPhase;
			buildActionMask = 2147483647;
			files = (
				C6F1EC7A2914F78400D2A235 /* post_view.swift in Sources */,
				EA17E347290EA05B00E95A39 /* ContentView.swift in Sources */,
				EA17E345290EA05B00E95A39 /* New_Murja_ClientApp.swift in Sources */,
				C6F1EC7729144D4200D2A235 /* Murja_Title.swift in Sources */,
				C6F1EC7629144D4200D2A235 /* murja_user.swift in Sources */,
				C6F1EC7829144D4200D2A235 /* murja_post.swift in Sources */,
			);
			runOnlyForDeploymentPostprocessing = 0;
		};
		EA17E34D290EA05C00E95A39 /* Sources */ = {
			isa = PBXSourcesBuildPhase;
			buildActionMask = 2147483647;
			files = (
				EA17E356290EA05C00E95A39 /* New_Murja_ClientTests.swift in Sources */,
			);
			runOnlyForDeploymentPostprocessing = 0;
		};
		EA17E357290EA05C00E95A39 /* Sources */ = {
			isa = PBXSourcesBuildPhase;
			buildActionMask = 2147483647;
			files = (
				EA17E362290EA05C00E95A39 /* New_Murja_ClientUITestsLaunchTests.swift in Sources */,
				EA17E360290EA05C00E95A39 /* New_Murja_ClientUITests.swift in Sources */,
			);
			runOnlyForDeploymentPostprocessing = 0;
		};
/* End PBXSourcesBuildPhase section */

/* Begin PBXTargetDependency section */
		EA17E353290EA05C00E95A39 /* PBXTargetDependency */ = {
			isa = PBXTargetDependency;
			target = EA17E340290EA05B00E95A39 /* New Murja Client */;
			targetProxy = EA17E352290EA05C00E95A39 /* PBXContainerItemProxy */;
		};
		EA17E35D290EA05C00E95A39 /* PBXTargetDependency */ = {
			isa = PBXTargetDependency;
			target = EA17E340290EA05B00E95A39 /* New Murja Client */;
			targetProxy = EA17E35C290EA05C00E95A39 /* PBXContainerItemProxy */;
		};
/* End PBXTargetDependency section */

/* Begin XCBuildConfiguration section */
		EA17E363290EA05C00E95A39 /* Debug */ = {
			isa = XCBuildConfiguration;
			buildSettings = {
				ALWAYS_SEARCH_USER_PATHS = NO;
				CLANG_ANALYZER_NONNULL = YES;
				CLANG_ANALYZER_NUMBER_OBJECT_CONVERSION = YES_AGGRESSIVE;
				CLANG_CXX_LANGUAGE_STANDARD = "gnu++20";
				CLANG_ENABLE_MODULES = YES;
				CLANG_ENABLE_OBJC_ARC = YES;
				CLANG_ENABLE_OBJC_WEAK = YES;
				CLANG_WARN_BLOCK_CAPTURE_AUTORELEASING = YES;
				CLANG_WARN_BOOL_CONVERSION = YES;
				CLANG_WARN_COMMA = YES;
				CLANG_WARN_CONSTANT_CONVERSION = YES;
				CLANG_WARN_DEPRECATED_OBJC_IMPLEMENTATIONS = YES;
				CLANG_WARN_DIRECT_OBJC_ISA_USAGE = YES_ERROR;
				CLANG_WARN_DOCUMENTATION_COMMENTS = YES;
				CLANG_WARN_EMPTY_BODY = YES;
				CLANG_WARN_ENUM_CONVERSION = YES;
				CLANG_WARN_INFINITE_RECURSION = YES;
				CLANG_WARN_INT_CONVERSION = YES;
				CLANG_WARN_NON_LITERAL_NULL_CONVERSION = YES;
				CLANG_WARN_OBJC_IMPLICIT_RETAIN_SELF = YES;
				CLANG_WARN_OBJC_LITERAL_CONVERSION = YES;
				CLANG_WARN_OBJC_ROOT_CLASS = YES_ERROR;
				CLANG_WARN_QUOTED_INCLUDE_IN_FRAMEWORK_HEADER = YES;
				CLANG_WARN_RANGE_LOOP_ANALYSIS = YES;
				CLANG_WARN_STRICT_PROTOTYPES = YES;
				CLANG_WARN_SUSPICIOUS_MOVE = YES;
				CLANG_WARN_UNGUARDED_AVAILABILITY = YES_AGGRESSIVE;
				CLANG_WARN_UNREACHABLE_CODE = YES;
				CLANG_WARN__DUPLICATE_METHOD_MATCH = YES;
				COPY_PHASE_STRIP = NO;
				DEBUG_INFORMATION_FORMAT = dwarf;
				ENABLE_STRICT_OBJC_MSGSEND = YES;
				ENABLE_TESTABILITY = YES;
				GCC_C_LANGUAGE_STANDARD = gnu11;
				GCC_DYNAMIC_NO_PIC = NO;
				GCC_NO_COMMON_BLOCKS = YES;
				GCC_OPTIMIZATION_LEVEL = 0;
				GCC_PREPROCESSOR_DEFINITIONS = (
					"DEBUG=1",
					"$(inherited)",
				);
				GCC_WARN_64_TO_32_BIT_CONVERSION = YES;
				GCC_WARN_ABOUT_RETURN_TYPE = YES_ERROR;
				GCC_WARN_UNDECLARED_SELECTOR = YES;
				GCC_WARN_UNINITIALIZED_AUTOS = YES_AGGRESSIVE;
				GCC_WARN_UNUSED_FUNCTION = YES;
				GCC_WARN_UNUSED_VARIABLE = YES;
				IPHONEOS_DEPLOYMENT_TARGET = 15.6;
				MTL_ENABLE_DEBUG_INFO = INCLUDE_SOURCE;
				MTL_FAST_MATH = YES;
				ONLY_ACTIVE_ARCH = YES;
				SDKROOT = iphoneos;
				SWIFT_ACTIVE_COMPILATION_CONDITIONS = DEBUG;
				SWIFT_OPTIMIZATION_LEVEL = "-Onone";
			};
			name = Debug;
		};
		EA17E364290EA05C00E95A39 /* Release */ = {
			isa = XCBuildConfiguration;
			buildSettings = {
				ALWAYS_SEARCH_USER_PATHS = NO;
				CLANG_ANALYZER_NONNULL = YES;
				CLANG_ANALYZER_NUMBER_OBJECT_CONVERSION = YES_AGGRESSIVE;
				CLANG_CXX_LANGUAGE_STANDARD = "gnu++20";
				CLANG_ENABLE_MODULES = YES;
				CLANG_ENABLE_OBJC_ARC = YES;
				CLANG_ENABLE_OBJC_WEAK = YES;
				CLANG_WARN_BLOCK_CAPTURE_AUTORELEASING = YES;
				CLANG_WARN_BOOL_CONVERSION = YES;
				CLANG_WARN_COMMA = YES;
				CLANG_WARN_CONSTANT_CONVERSION = YES;
				CLANG_WARN_DEPRECATED_OBJC_IMPLEMENTATIONS = YES;
				CLANG_WARN_DIRECT_OBJC_ISA_USAGE = YES_ERROR;
				CLANG_WARN_DOCUMENTATION_COMMENTS = YES;
				CLANG_WARN_EMPTY_BODY = YES;
				CLANG_WARN_ENUM_CONVERSION = YES;
				CLANG_WARN_INFINITE_RECURSION = YES;
				CLANG_WARN_INT_CONVERSION = YES;
				CLANG_WARN_NON_LITERAL_NULL_CONVERSION = YES;
				CLANG_WARN_OBJC_IMPLICIT_RETAIN_SELF = YES;
				CLANG_WARN_OBJC_LITERAL_CONVERSION = YES;
				CLANG_WARN_OBJC_ROOT_CLASS = YES_ERROR;
				CLANG_WARN_QUOTED_INCLUDE_IN_FRAMEWORK_HEADER = YES;
				CLANG_WARN_RANGE_LOOP_ANALYSIS = YES;
				CLANG_WARN_STRICT_PROTOTYPES = YES;
				CLANG_WARN_SUSPICIOUS_MOVE = YES;
				CLANG_WARN_UNGUARDED_AVAILABILITY = YES_AGGRESSIVE;
				CLANG_WARN_UNREACHABLE_CODE = YES;
				CLANG_WARN__DUPLICATE_METHOD_MATCH = YES;
				COPY_PHASE_STRIP = NO;
				DEBUG_INFORMATION_FORMAT = "dwarf-with-dsym";
				ENABLE_NS_ASSERTIONS = NO;
				ENABLE_STRICT_OBJC_MSGSEND = YES;
				GCC_C_LANGUAGE_STANDARD = gnu11;
				GCC_NO_COMMON_BLOCKS = YES;
				GCC_WARN_64_TO_32_BIT_CONVERSION = YES;
				GCC_WARN_ABOUT_RETURN_TYPE = YES_ERROR;
				GCC_WARN_UNDECLARED_SELECTOR = YES;
				GCC_WARN_UNINITIALIZED_AUTOS = YES_AGGRESSIVE;
				GCC_WARN_UNUSED_FUNCTION = YES;
				GCC_WARN_UNUSED_VARIABLE = YES;
				IPHONEOS_DEPLOYMENT_TARGET = 15.6;
				MTL_ENABLE_DEBUG_INFO = NO;
				MTL_FAST_MATH = YES;
				SDKROOT = iphoneos;
				SWIFT_COMPILATION_MODE = wholemodule;
				SWIFT_OPTIMIZATION_LEVEL = "-O";
				VALIDATE_PRODUCT = YES;
			};
			name = Release;
		};
		EA17E366290EA05C00E95A39 /* Debug */ = {
			isa = XCBuildConfiguration;
			buildSettings = {
				ASSETCATALOG_COMPILER_APPICON_NAME = AppIcon;
				ASSETCATALOG_COMPILER_GLOBAL_ACCENT_COLOR_NAME = AccentColor;
				CODE_SIGN_STYLE = Automatic;
				CURRENT_PROJECT_VERSION = 1;
				DEVELOPMENT_ASSET_PATHS = "\"New Murja Client/Preview Content\"";
				DEVELOPMENT_TEAM = B5429H2LB8;
				ENABLE_PREVIEWS = YES;
				GENERATE_INFOPLIST_FILE = YES;
				INFOPLIST_KEY_UIApplicationSceneManifest_Generation = YES;
				INFOPLIST_KEY_UIApplicationSupportsIndirectInputEvents = YES;
				INFOPLIST_KEY_UILaunchScreen_Generation = YES;
				INFOPLIST_KEY_UISupportedInterfaceOrientations_iPad = "UIInterfaceOrientationPortrait UIInterfaceOrientationPortraitUpsideDown UIInterfaceOrientationLandscapeLeft UIInterfaceOrientationLandscapeRight";
				INFOPLIST_KEY_UISupportedInterfaceOrientations_iPhone = "UIInterfaceOrientationPortrait UIInterfaceOrientationLandscapeLeft UIInterfaceOrientationLandscapeRight";
				LD_RUNPATH_SEARCH_PATHS = (
					"$(inherited)",
					"@executable_path/Frameworks",
				);
				MARKETING_VERSION = 1.0;
				PRODUCT_BUNDLE_IDENTIFIER = "ilpolehtinen.New-Murja-Client";
				PRODUCT_NAME = "$(TARGET_NAME)";
				SWIFT_EMIT_LOC_STRINGS = YES;
				SWIFT_VERSION = 5.0;
				TARGETED_DEVICE_FAMILY = "1,2";
			};
			name = Debug;
		};
		EA17E367290EA05C00E95A39 /* Release */ = {
			isa = XCBuildConfiguration;
			buildSettings = {
				ASSETCATALOG_COMPILER_APPICON_NAME = AppIcon;
				ASSETCATALOG_COMPILER_GLOBAL_ACCENT_COLOR_NAME = AccentColor;
				CODE_SIGN_STYLE = Automatic;
				CURRENT_PROJECT_VERSION = 1;
				DEVELOPMENT_ASSET_PATHS = "\"New Murja Client/Preview Content\"";
				DEVELOPMENT_TEAM = B5429H2LB8;
				ENABLE_PREVIEWS = YES;
				GENERATE_INFOPLIST_FILE = YES;
				INFOPLIST_KEY_UIApplicationSceneManifest_Generation = YES;
				INFOPLIST_KEY_UIApplicationSupportsIndirectInputEvents = YES;
				INFOPLIST_KEY_UILaunchScreen_Generation = YES;
				INFOPLIST_KEY_UISupportedInterfaceOrientations_iPad = "UIInterfaceOrientationPortrait UIInterfaceOrientationPortraitUpsideDown UIInterfaceOrientationLandscapeLeft UIInterfaceOrientationLandscapeRight";
				INFOPLIST_KEY_UISupportedInterfaceOrientations_iPhone = "UIInterfaceOrientationPortrait UIInterfaceOrientationLandscapeLeft UIInterfaceOrientationLandscapeRight";
				LD_RUNPATH_SEARCH_PATHS = (
					"$(inherited)",
					"@executable_path/Frameworks",
				);
				MARKETING_VERSION = 1.0;
				PRODUCT_BUNDLE_IDENTIFIER = "ilpolehtinen.New-Murja-Client";
				PRODUCT_NAME = "$(TARGET_NAME)";
				SWIFT_EMIT_LOC_STRINGS = YES;
				SWIFT_VERSION = 5.0;
				TARGETED_DEVICE_FAMILY = "1,2";
			};
			name = Release;
		};
		EA17E369290EA05C00E95A39 /* Debug */ = {
			isa = XCBuildConfiguration;
			buildSettings = {
				ALWAYS_EMBED_SWIFT_STANDARD_LIBRARIES = YES;
				BUNDLE_LOADER = "$(TEST_HOST)";
				CODE_SIGN_STYLE = Automatic;
				CURRENT_PROJECT_VERSION = 1;
				DEVELOPMENT_TEAM = B5429H2LB8;
				GENERATE_INFOPLIST_FILE = YES;
				IPHONEOS_DEPLOYMENT_TARGET = 16.0;
				MARKETING_VERSION = 1.0;
				PRODUCT_BUNDLE_IDENTIFIER = "ilpolehtinen.New-Murja-ClientTests";
				PRODUCT_NAME = "$(TARGET_NAME)";
				SWIFT_EMIT_LOC_STRINGS = NO;
				SWIFT_VERSION = 5.0;
				TARGETED_DEVICE_FAMILY = "1,2";
				TEST_HOST = "$(BUILT_PRODUCTS_DIR)/New Murja Client.app/$(BUNDLE_EXECUTABLE_FOLDER_PATH)/New Murja Client";
			};
			name = Debug;
		};
		EA17E36A290EA05C00E95A39 /* Release */ = {
			isa = XCBuildConfiguration;
			buildSettings = {
				ALWAYS_EMBED_SWIFT_STANDARD_LIBRARIES = YES;
				BUNDLE_LOADER = "$(TEST_HOST)";
				CODE_SIGN_STYLE = Automatic;
				CURRENT_PROJECT_VERSION = 1;
				DEVELOPMENT_TEAM = B5429H2LB8;
				GENERATE_INFOPLIST_FILE = YES;
				IPHONEOS_DEPLOYMENT_TARGET = 16.0;
				MARKETING_VERSION = 1.0;
				PRODUCT_BUNDLE_IDENTIFIER = "ilpolehtinen.New-Murja-ClientTests";
				PRODUCT_NAME = "$(TARGET_NAME)";
				SWIFT_EMIT_LOC_STRINGS = NO;
				SWIFT_VERSION = 5.0;
				TARGETED_DEVICE_FAMILY = "1,2";
				TEST_HOST = "$(BUILT_PRODUCTS_DIR)/New Murja Client.app/$(BUNDLE_EXECUTABLE_FOLDER_PATH)/New Murja Client";
			};
			name = Release;
		};
		EA17E36C290EA05C00E95A39 /* Debug */ = {
			isa = XCBuildConfiguration;
			buildSettings = {
				ALWAYS_EMBED_SWIFT_STANDARD_LIBRARIES = YES;
				CODE_SIGN_STYLE = Automatic;
				CURRENT_PROJECT_VERSION = 1;
				DEVELOPMENT_TEAM = B5429H2LB8;
				GENERATE_INFOPLIST_FILE = YES;
				MARKETING_VERSION = 1.0;
				PRODUCT_BUNDLE_IDENTIFIER = "ilpolehtinen.New-Murja-ClientUITests";
				PRODUCT_NAME = "$(TARGET_NAME)";
				SWIFT_EMIT_LOC_STRINGS = NO;
				SWIFT_VERSION = 5.0;
				TARGETED_DEVICE_FAMILY = "1,2";
				TEST_TARGET_NAME = "New Murja Client";
			};
			name = Debug;
		};
		EA17E36D290EA05C00E95A39 /* Release */ = {
			isa = XCBuildConfiguration;
			buildSettings = {
				ALWAYS_EMBED_SWIFT_STANDARD_LIBRARIES = YES;
				CODE_SIGN_STYLE = Automatic;
				CURRENT_PROJECT_VERSION = 1;
				DEVELOPMENT_TEAM = B5429H2LB8;
				GENERATE_INFOPLIST_FILE = YES;
				MARKETING_VERSION = 1.0;
				PRODUCT_BUNDLE_IDENTIFIER = "ilpolehtinen.New-Murja-ClientUITests";
				PRODUCT_NAME = "$(TARGET_NAME)";
				SWIFT_EMIT_LOC_STRINGS = NO;
				SWIFT_VERSION = 5.0;
				TARGETED_DEVICE_FAMILY = "1,2";
				TEST_TARGET_NAME = "New Murja Client";
			};
			name = Release;
		};
/* End XCBuildConfiguration section */

/* Begin XCConfigurationList section */
		EA17E33C290EA05B00E95A39 /* Build configuration list for PBXProject "New Murja Client" */ = {
			isa = XCConfigurationList;
			buildConfigurations = (
				EA17E363290EA05C00E95A39 /* Debug */,
				EA17E364290EA05C00E95A39 /* Release */,
			);
			defaultConfigurationIsVisible = 0;
			defaultConfigurationName = Release;
		};
		EA17E365290EA05C00E95A39 /* Build configuration list for PBXNativeTarget "New Murja Client" */ = {
			isa = XCConfigurationList;
			buildConfigurations = (
				EA17E366290EA05C00E95A39 /* Debug */,
				EA17E367290EA05C00E95A39 /* Release */,
			);
			defaultConfigurationIsVisible = 0;
			defaultConfigurationName = Release;
		};
		EA17E368290EA05C00E95A39 /* Build configuration list for PBXNativeTarget "New Murja ClientTests" */ = {
			isa = XCConfigurationList;
			buildConfigurations = (
				EA17E369290EA05C00E95A39 /* Debug */,
				EA17E36A290EA05C00E95A39 /* Release */,
			);
			defaultConfigurationIsVisible = 0;
			defaultConfigurationName = Release;
		};
		EA17E36B290EA05C00E95A39 /* Build configuration list for PBXNativeTarget "New Murja ClientUITests" */ = {
			isa = XCConfigurationList;
			buildConfigurations = (
				EA17E36C290EA05C00E95A39 /* Debug */,
				EA17E36D290EA05C00E95A39 /* Release */,
			);
			defaultConfigurationIsVisible = 0;
			defaultConfigurationName = Release;
		};
/* End XCConfigurationList section */

/* Begin XCRemoteSwiftPackageReference section */
		C62F4F862919955000E43D14 /* XCRemoteSwiftPackageReference "CodeEditor" */ = {
			isa = XCRemoteSwiftPackageReference;
			repositoryURL = "https://github.com/ZeeZide/CodeEditor";
			requirement = {
				kind = upToNextMajorVersion;
				minimumVersion = 1.0.0;
			};
		};
/* End XCRemoteSwiftPackageReference section */

/* Begin XCSwiftPackageProductDependency section */
		C62F4F872919955000E43D14 /* CodeEditor */ = {
			isa = XCSwiftPackageProductDependency;
			package = C62F4F862919955000E43D14 /* XCRemoteSwiftPackageReference "CodeEditor" */;
			productName = CodeEditor;
		};
/* End XCSwiftPackageProductDependency section */
	};
	rootObject = EA17E339290EA05B00E95A39 /* Project object */;
}
